
Microsoft Visual Studio Solution File, Format Version 12.00
# Visual Studio Version 16
VisualStudioVersion = 16.0.31729.503
MinimumVisualStudioVersion = 10.0.40219.1
Project("{9A19103F-16F7-4668-BE54-9A1E7A4F7556}") = "youtubedl", "youtubedl\youtubedl.csproj", "{CCCAF433-52C3-4829-AF79-22D72823B281}"
EndProject
Global
	GlobalSection(SolutionConfigurationPlatforms) = preSolution
		Debug|Any CPU = Debug|Any CPU
		Release|Any CPU = Release|Any CPU
	EndGlobalSection
	GlobalSection(ProjectConfigurationPlatforms) = postSolution
		{CCCAF433-52C3-4829-AF79-22D72823B281}.Debug|Any CPU.ActiveCfg = Debug|Any CPU
		{CCCAF433-52C3-4829-AF79-22D72823B281}.Debug|Any CPU.Build.0 = Debug|Any CPU
		{CCCAF433-52C3-4829-AF79-22D72823B281}.Release|Any CPU.ActiveCfg = Release|Any CPU
		{CCCAF433-52C3-4829-AF79-22D72823B281}.Release|Any CPU.Build.0 = Release|Any CPU
	EndGlobalSection
	GlobalSection(SolutionProperties) = preSolution
		HideSolutionNode = FALSE
	EndGlobalSection
	GlobalSection(ExtensibilityGlobals) = postSolution
		SolutionGuid = {569DCBD8-7DE5-42EC-971E-D320964D0975}
	EndGlobalSection
EndGlobal
